{
  "name": "2.nodejs",
  "version": "1.0.0",
  "lockfileVersion": 2,
  "requires": true,
  "packages": {
    "": {
      "name": "2.nodejs",
      "version": "1.0.0",
      "license": "ISC",
      "dependencies": {
        "all": "^0.0.0",
        "fs": "^0.0.1-security",
        "zodiac-signs": "^1.1.0"
      },
      "devDependencies": {}
    },
    "node_modules/all": {
      "version": "0.0.0",
      "resolved": "https://registry.npmjs.org/all/-/all-0.0.0.tgz",
      "integrity": "sha1-+yqnXUdZ1A457LsRj6vwzBH/VU8="
    },
    "node_modules/fs": {
      "version": "0.0.1-security",
      "resolved": "https://registry.npmjs.org/fs/-/fs-0.0.1-security.tgz",
      "integrity": "sha1-invTcYa23d84E/I4WLV+yq9eQdQ="
    },
    "node_modules/zodiac-signs": {
      "version": "1.1.0",
      "resolved": "https://registry.npmjs.org/zodiac-signs/-/zodiac-signs-1.1.0.tgz",
      "integrity": "sha512-syyPxFcF5CnSmfXw1DU3NEUt7Pk3gccOCNBhEtEyJB0VTySge6o21F+K38YfqcM5mkD59DLuxFB8/vzZ7E1vKQ=="
    }
  },
  "dependencies": {
    "all": {
      "version": "0.0.0",
      "resolved": "https://registry.npmjs.org/all/-/all-0.0.0.tgz",
      "integrity": "sha1-+yqnXUdZ1A457LsRj6vwzBH/VU8="
    },
    "fs": {
      "version": "0.0.1-security",
      "resolved": "https://registry.npmjs.org/fs/-/fs-0.0.1-security.tgz",
      "integrity": "sha1-invTcYa23d84E/I4WLV+yq9eQdQ="
    },
    "zodiac-signs": {
      "version": "1.1.0",
      "resolved": "https://registry.npmjs.org/zodiac-signs/-/zodiac-signs-1.1.0.tgz",
      "integrity": "sha512-syyPxFcF5CnSmfXw1DU3NEUt7Pk3gccOCNBhEtEyJB0VTySge6o21F+K38YfqcM5mkD59DLuxFB8/vzZ7E1vKQ=="
    }
  }
}
